lockfileVersion: '9.0'

settings:
  autoInstallPeers: true
  excludeLinksFromLockfile: false

importers:

  .:
    devDependencies:
      '@types/node':
        specifier: ^24.0.11
        version: 24.0.11

packages:

  '@types/node@24.0.11':
    resolution: {integrity: sha512-CJV8eqrYnwQJGMrvcRhQmZfpyniDavB+7nAZYJc6w99hFYJyFN3INV1/2W3QfQrqM36WTLrijJ1fxxvGBmCSxA==}

  undici-types@7.8.0:
    resolution: {integrity: sha512-9UJ2xGDvQ43tYyVMpuHlsgApydB8ZKfVYTsLDhXkFL/6gfkp+U8xTGdh8pMJv1SpZna0zxG1DwsKZsreLbXBxw==}

snapshots:

  '@types/node@24.0.11':
    dependencies:
      undici-types: 7.8.0

  undici-types@7.8.0: {}
